
Microsoft Visual Studio Solution File, Format Version 11.00
# Visual Studio 2010
Project("{FAE04EC0-301F-11D3-BF4B-00C04F79EFBC}") = "sc.vegetationspawner.runtime", "sc.vegetationspawner.runtime.csproj", "{d6105dd6-d347-f172-1cb3-55c551d36118}"
EndProject
Project("{FAE04EC0-301F-11D3-BF4B-00C04F79EFBC}") = "Assembly-CSharp", "Assembly-CSharp.csproj", "{c7281616-9899-705d-50fe-78e728af27c2}"
EndProject
Project("{FAE04EC0-301F-11D3-BF4B-00C04F79EFBC}") = "Assembly-CSharp-Editor", "Assembly-CSharp-Editor.csproj", "{afc9d555-a057-71dd-1718-eff48bbf0b7f}"
EndProject
Project("{FAE04EC0-301F-11D3-BF4B-00C04F79EFBC}") = "sc.vegetationspawner.editor", "sc.vegetationspawner.editor.csproj", "{9c3c5975-af5e-4d34-c553-ba42542825af}"
EndProject
Global
	GlobalSection(SolutionConfigurationPlatforms) = preSolution
		Debug|Any CPU = Debug|Any CPU
	EndGlobalSection
	GlobalSection(ProjectConfigurationPlatforms) = postSolution
		{d6105dd6-d347-f172-1cb3-55c551d36118}.Debug|Any CPU.ActiveCfg = Debug|Any CPU
		{d6105dd6-d347-f172-1cb3-55c551d36118}.Debug|Any CPU.Build.0 = Debug|Any CPU
		{c7281616-9899-705d-50fe-78e728af27c2}.Debug|Any CPU.ActiveCfg = Debug|Any CPU
		{c7281616-9899-705d-50fe-78e728af27c2}.Debug|Any CPU.Build.0 = Debug|Any CPU
		{afc9d555-a057-71dd-1718-eff48bbf0b7f}.Debug|Any CPU.ActiveCfg = Debug|Any CPU
		{afc9d555-a057-71dd-1718-eff48bbf0b7f}.Debug|Any CPU.Build.0 = Debug|Any CPU
		{9c3c5975-af5e-4d34-c553-ba42542825af}.Debug|Any CPU.ActiveCfg = Debug|Any CPU
		{9c3c5975-af5e-4d34-c553-ba42542825af}.Debug|Any CPU.Build.0 = Debug|Any CPU
	EndGlobalSection
	GlobalSection(SolutionProperties) = preSolution
		HideSolutionNode = FALSE
	EndGlobalSection
EndGlobal
